
Microsoft Visual Studio Solution File, Format Version 12.00
# Visual Studio Version 16
VisualStudioVersion = 16.0.30330.147
MinimumVisualStudioVersion = 10.0.40219.1
Project("{FAE04EC0-301F-11D3-BF4B-00C04F79EFBC}") = "TrackerLibrary", "TrackerLibrary\TrackerLibrary.csproj", "{D8B11B8B-A9C6-4428-B4D0-D7330DBC2B3F}"
EndProject
Project("{FAE04EC0-301F-11D3-BF4B-00C04F79EFBC}") = "TrackerUI", "TrackerUI\TrackerUI.csproj", "{76FCB3AF-D796-410B-A28D-B8C2B9324C38}"
EndProject
Global
	GlobalSection(SolutionConfigurationPlatforms) = preSolution
		Debug|Any CPU = Debug|Any CPU
		Release|Any CPU = Release|Any CPU
	EndGlobalSection
	GlobalSection(ProjectConfigurationPlatforms) = postSolution
		{D8B11B8B-A9C6-4428-B4D0-D7330DBC2B3F}.Debug|Any CPU.ActiveCfg = Debug|Any CPU
		{D8B11B8B-A9C6-4428-B4D0-D7330DBC2B3F}.Debug|Any CPU.Build.0 = Debug|Any CPU
		{D8B11B8B-A9C6-4428-B4D0-D7330DBC2B3F}.Release|Any CPU.ActiveCfg = Release|Any CPU
		{D8B11B8B-A9C6-4428-B4D0-D7330DBC2B3F}.Release|Any CPU.Build.0 = Release|Any CPU
		{76FCB3AF-D796-410B-A28D-B8C2B9324C38}.Debug|Any CPU.ActiveCfg = Debug|Any CPU
		{76FCB3AF-D796-410B-A28D-B8C2B9324C38}.Debug|Any CPU.Build.0 = Debug|Any CPU
		{76FCB3AF-D796-410B-A28D-B8C2B9324C38}.Release|Any CPU.ActiveCfg = Release|Any CPU
		{76FCB3AF-D796-410B-A28D-B8C2B9324C38}.Release|Any CPU.Build.0 = Release|Any CPU
	EndGlobalSection
	GlobalSection(SolutionProperties) = preSolution
		HideSolutionNode = FALSE
	EndGlobalSection
	GlobalSection(ExtensibilityGlobals) = postSolution
		SolutionGuid = {364B8C73-F8D0-4C35-B31E-A8C8D88EE893}
	EndGlobalSection
EndGlobal
